
Microsoft Visual Studio Solution File, Format Version 12.00
# Visual Studio Version 17
VisualStudioVersion = 17.14.36212.18 d17.14
MinimumVisualStudioVersion = 10.0.40219.1
Project("{FAE04EC0-301F-11D3-BF4B-00C04F79EFBC}") = "assignment02", "assignment02\assignment02.csproj", "{010F0F6D-4639-4477-889A-26DF02086ECA}"
EndProject
Global
	GlobalSection(SolutionConfigurationPlatforms) = preSolution
		Debug|Any CPU = Debug|Any CPU
		Release|Any CPU = Release|Any CPU
	EndGlobalSection
	GlobalSection(ProjectConfigurationPlatforms) = postSolution
		{010F0F6D-4639-4477-889A-26DF02086ECA}.Debug|Any CPU.ActiveCfg = Debug|Any CPU
		{010F0F6D-4639-4477-889A-26DF02086ECA}.Debug|Any CPU.Build.0 = Debug|Any CPU
		{010F0F6D-4639-4477-889A-26DF02086ECA}.Release|Any CPU.ActiveCfg = Release|Any CPU
		{010F0F6D-4639-4477-889A-26DF02086ECA}.Release|Any CPU.Build.0 = Release|Any CPU
	EndGlobalSection
	GlobalSection(SolutionProperties) = preSolution
		HideSolutionNode = FALSE
	EndGlobalSection
	GlobalSection(ExtensibilityGlobals) = postSolution
		SolutionGuid = {F8E5BF97-14C0-43CC-8DCE-046ABA404583}
	EndGlobalSection
EndGlobal
